Microsoft Visual Studio Solution File, Format Version 12.00
# Visual Studio 2012
Project("{FAE04EC0-301F-11D3-BF4B-00C04F79EFBC}") = "Simple 22 Ide", "Simple 22 Ide.csproj", "{E9756B29-5833-4AC9-B67A-A6B6A2DA7513}"
EndProject
Global
	GlobalSection(SolutionConfigurationPlatforms) = preSolution
	Debug|Any CPU = Debug|Any CPU
	ExportDebug|Any CPU = ExportDebug|Any CPU
	ExportRelease|Any CPU = ExportRelease|Any CPU
	EndGlobalSection
	GlobalSection(ProjectConfigurationPlatforms) = postSolution
		{E9756B29-5833-4AC9-B67A-A6B6A2DA7513}.Debug|Any CPU.ActiveCfg = Debug|Any CPU
		{E9756B29-5833-4AC9-B67A-A6B6A2DA7513}.Debug|Any CPU.Build.0 = Debug|Any CPU
		{E9756B29-5833-4AC9-B67A-A6B6A2DA7513}.ExportDebug|Any CPU.ActiveCfg = ExportDebug|Any CPU
		{E9756B29-5833-4AC9-B67A-A6B6A2DA7513}.ExportDebug|Any CPU.Build.0 = ExportDebug|Any CPU
		{E9756B29-5833-4AC9-B67A-A6B6A2DA7513}.ExportRelease|Any CPU.ActiveCfg = ExportRelease|Any CPU
		{E9756B29-5833-4AC9-B67A-A6B6A2DA7513}.ExportRelease|Any CPU.Build.0 = ExportRelease|Any CPU
	EndGlobalSection
EndGlobal
